
Microsoft Visual Studio Solution File, Format Version 12.00
# Visual Studio Version 16
VisualStudioVersion = 16.0.32630.194
MinimumVisualStudioVersion = 10.0.40219.1
Project("{FAE04EC0-301F-11D3-BF4B-00C04F79EFBC}") = "Child Care Mangement System", "Child Care Mangement System\Child Care Mangement System.csproj", "{5A1D4168-2ABE-4829-9A26-B64AA9C9A6D0}"
EndProject
Global
	GlobalSection(SolutionConfigurationPlatforms) = preSolution
		Debug|Any CPU = Debug|Any CPU
		Release|Any CPU = Release|Any CPU
	EndGlobalSection
	GlobalSection(ProjectConfigurationPlatforms) = postSolution
		{5A1D4168-2ABE-4829-9A26-B64AA9C9A6D0}.Debug|Any CPU.ActiveCfg = Debug|Any CPU
		{5A1D4168-2ABE-4829-9A26-B64AA9C9A6D0}.Debug|Any CPU.Build.0 = Debug|Any CPU
		{5A1D4168-2ABE-4829-9A26-B64AA9C9A6D0}.Release|Any CPU.ActiveCfg = Release|Any CPU
		{5A1D4168-2ABE-4829-9A26-B64AA9C9A6D0}.Release|Any CPU.Build.0 = Release|Any CPU
	EndGlobalSection
	GlobalSection(SolutionProperties) = preSolution
		HideSolutionNode = FALSE
	EndGlobalSection
	GlobalSection(ExtensibilityGlobals) = postSolution
		SolutionGuid = {11167C92-3C9A-416E-ABCB-0E68C6746F2F}
	EndGlobalSection
EndGlobal
